
Microsoft Visual Studio Solution File, Format Version 12.00
# Visual Studio Version 16
VisualStudioVersion = 16.0.31702.278
MinimumVisualStudioVersion = 10.0.40219.1
Project("{FAE04EC0-301F-11D3-BF4B-00C04F79EFBC}") = "OlimpiaIT.WinApplicacion.FileValidator", "OlimpiaIT.WinApplicacion.FileValidator\OlimpiaIT.WinApplicacion.FileValidator.csproj", "{954699FC-49DA-46E6-9BF7-EC2B05010685}"
EndProject
Project("{2150E333-8FDC-42A3-9474-1A3956D46DE8}") = "FileValidator", "FileValidator", "{E3D3F626-1C6C-4976-A221-0C106F7A8988}"
EndProject
Project("{2150E333-8FDC-42A3-9474-1A3956D46DE8}") = "WebService", "WebService", "{FCD870B8-D471-481B-BD34-B78B755F6D69}"
EndProject
Project("{FAE04EC0-301F-11D3-BF4B-00C04F79EFBC}") = "OlimpiaIT.WebServices.Invoices", "OlimpiaIT.WebServices.Invoices\OlimpiaIT.WebServices.Invoices.csproj", "{C9050167-1DBB-4E40-92A4-9940E7187D05}"
EndProject
Project("{FAE04EC0-301F-11D3-BF4B-00C04F79EFBC}") = "OlimpiaIT.WebServices.Invoices.Test", "OlimpiaIT.WebServices.Invoices.Test\OlimpiaIT.WebServices.Invoices.Test.csproj", "{341BB076-9D11-42F7-93AC-59DD8FEAFD1E}"
	ProjectSection(ProjectDependencies) = postProject
		{C9050167-1DBB-4E40-92A4-9940E7187D05} = {C9050167-1DBB-4E40-92A4-9940E7187D05}
	EndProjectSection
EndProject
Global
	GlobalSection(SolutionConfigurationPlatforms) = preSolution
		Debug|Any CPU = Debug|Any CPU
		Release|Any CPU = Release|Any CPU
	EndGlobalSection
	GlobalSection(ProjectConfigurationPlatforms) = postSolution
		{954699FC-49DA-46E6-9BF7-EC2B05010685}.Debug|Any CPU.ActiveCfg = Debug|Any CPU
		{954699FC-49DA-46E6-9BF7-EC2B05010685}.Debug|Any CPU.Build.0 = Debug|Any CPU
		{954699FC-49DA-46E6-9BF7-EC2B05010685}.Release|Any CPU.ActiveCfg = Release|Any CPU
		{954699FC-49DA-46E6-9BF7-EC2B05010685}.Release|Any CPU.Build.0 = Release|Any CPU
		{C9050167-1DBB-4E40-92A4-9940E7187D05}.Debug|Any CPU.ActiveCfg = Debug|Any CPU
		{C9050167-1DBB-4E40-92A4-9940E7187D05}.Debug|Any CPU.Build.0 = Debug|Any CPU
		{C9050167-1DBB-4E40-92A4-9940E7187D05}.Release|Any CPU.ActiveCfg = Release|Any CPU
		{C9050167-1DBB-4E40-92A4-9940E7187D05}.Release|Any CPU.Build.0 = Release|Any CPU
		{341BB076-9D11-42F7-93AC-59DD8FEAFD1E}.Debug|Any CPU.ActiveCfg = Debug|Any CPU
		{341BB076-9D11-42F7-93AC-59DD8FEAFD1E}.Debug|Any CPU.Build.0 = Debug|Any CPU
		{341BB076-9D11-42F7-93AC-59DD8FEAFD1E}.Release|Any CPU.ActiveCfg = Release|Any CPU
		{341BB076-9D11-42F7-93AC-59DD8FEAFD1E}.Release|Any CPU.Build.0 = Release|Any CPU
	EndGlobalSection
	GlobalSection(SolutionProperties) = preSolution
		HideSolutionNode = FALSE
	EndGlobalSection
	GlobalSection(NestedProjects) = preSolution
		{954699FC-49DA-46E6-9BF7-EC2B05010685} = {E3D3F626-1C6C-4976-A221-0C106F7A8988}
		{C9050167-1DBB-4E40-92A4-9940E7187D05} = {FCD870B8-D471-481B-BD34-B78B755F6D69}
		{341BB076-9D11-42F7-93AC-59DD8FEAFD1E} = {FCD870B8-D471-481B-BD34-B78B755F6D69}
	EndGlobalSection
	GlobalSection(ExtensibilityGlobals) = postSolution
		SolutionGuid = {3FB223C5-38BD-4671-A7C8-B8C5F6CB0AD6}
	EndGlobalSection
EndGlobal
